
Microsoft Visual Studio Solution File, Format Version 12.00
# Visual Studio Version 16
VisualStudioVersion = 16.0.31129.286
MinimumVisualStudioVersion = 10.0.40219.1
Project("{FAE04EC0-301F-11D3-BF4B-00C04F79EFBC}") = "EvilMortyCryptor", "EvilMortyCryptor.csproj", "{F98F522D-7D9E-40C2-B7A9-23AD0CE2AF8B}"
EndProject
Global
	GlobalSection(SolutionConfigurationPlatforms) = preSolution
		Debug|Any CPU = Debug|Any CPU
		Release|Any CPU = Release|Any CPU
	EndGlobalSection
	GlobalSection(ProjectConfigurationPlatforms) = postSolution
		{F98F522D-7D9E-40C2-B7A9-23AD0CE2AF8B}.Debug|Any CPU.ActiveCfg = Debug|Any CPU
		{F98F522D-7D9E-40C2-B7A9-23AD0CE2AF8B}.Debug|Any CPU.Build.0 = Debug|Any CPU
		{F98F522D-7D9E-40C2-B7A9-23AD0CE2AF8B}.Release|Any CPU.ActiveCfg = Release|Any CPU
		{F98F522D-7D9E-40C2-B7A9-23AD0CE2AF8B}.Release|Any CPU.Build.0 = Release|Any CPU
	EndGlobalSection
	GlobalSection(SolutionProperties) = preSolution
		HideSolutionNode = FALSE
	EndGlobalSection
	GlobalSection(ExtensibilityGlobals) = postSolution
		SolutionGuid = {76337DCB-3BFA-4FA5-A643-1885B1EA5E90}
	EndGlobalSection
EndGlobal
